
Microsoft Visual Studio Solution File, Format Version 12.00
# Visual Studio 15
VisualStudioVersion = 15.0.26228.9
MinimumVisualStudioVersion = 10.0.40219.1
Project("{2150E333-8FDC-42A3-9474-1A3956D46DE8}") = "src", "src", "{655A82BE-938C-436C-AABD-CD1DBCFDB163}"
EndProject
Project("{2150E333-8FDC-42A3-9474-1A3956D46DE8}") = "Solution Items", "Solution Items", "{568F6D31-CC2C-4CB8-A736-C5466C7C8ACA}"
	ProjectSection(SolutionItems) = preProject
		global.json = global.json
	EndProjectSection
EndProject
Project("{2150E333-8FDC-42A3-9474-1A3956D46DE8}") = "1. Core", "1. Core", "{6A406F82-63B3-4FE7-8859-8361FD30BF60}"
EndProject
Project("{2150E333-8FDC-42A3-9474-1A3956D46DE8}") = "2. Frontend", "2. Frontend", "{F2D1507A-B963-400D-A153-56B782D1AF2D}"
EndProject
Project("{9A19103F-16F7-4668-BE54-9A1E7A4F7556}") = "DotNetClub.Domain", "src\DotNetClub.Domain\DotNetClub.Domain.csproj", "{8FAE4664-FF78-452C-9BA3-063E20F5323E}"
EndProject
Project("{9A19103F-16F7-4668-BE54-9A1E7A4F7556}") = "DotNetClub.Data.EntityFramework", "src\DotNetClub.Data.EntityFramework\DotNetClub.Data.EntityFramework.csproj", "{3849A468-8525-4886-8E1B-2526ECC13B92}"
EndProject
Project("{9A19103F-16F7-4668-BE54-9A1E7A4F7556}") = "DotNetClub.Core", "src\DotNetClub.Core\DotNetClub.Core.csproj", "{32553F96-71A1-4699-9ADD-58DC1B635F1D}"
EndProject
Project("{9A19103F-16F7-4668-BE54-9A1E7A4F7556}") = "DotNetClub.Web", "src\DotNetClub.Web\DotNetClub.Web.csproj", "{CCE80557-34CB-45B2-B228-35F9E6600B54}"
EndProject
Global
	GlobalSection(SolutionConfigurationPlatforms) = preSolution
		Debug|Any CPU = Debug|Any CPU
		Release|Any CPU = Release|Any CPU
	EndGlobalSection
	GlobalSection(ProjectConfigurationPlatforms) = postSolution
		{8FAE4664-FF78-452C-9BA3-063E20F5323E}.Debug|Any CPU.ActiveCfg = Debug|Any CPU
		{8FAE4664-FF78-452C-9BA3-063E20F5323E}.Debug|Any CPU.Build.0 = Debug|Any CPU
		{8FAE4664-FF78-452C-9BA3-063E20F5323E}.Release|Any CPU.ActiveCfg = Release|Any CPU
		{8FAE4664-FF78-452C-9BA3-063E20F5323E}.Release|Any CPU.Build.0 = Release|Any CPU
		{3849A468-8525-4886-8E1B-2526ECC13B92}.Debug|Any CPU.ActiveCfg = Debug|Any CPU
		{3849A468-8525-4886-8E1B-2526ECC13B92}.Debug|Any CPU.Build.0 = Debug|Any CPU
		{3849A468-8525-4886-8E1B-2526ECC13B92}.Release|Any CPU.ActiveCfg = Release|Any CPU
		{3849A468-8525-4886-8E1B-2526ECC13B92}.Release|Any CPU.Build.0 = Release|Any CPU
		{32553F96-71A1-4699-9ADD-58DC1B635F1D}.Debug|Any CPU.ActiveCfg = Debug|Any CPU
		{32553F96-71A1-4699-9ADD-58DC1B635F1D}.Debug|Any CPU.Build.0 = Debug|Any CPU
		{32553F96-71A1-4699-9ADD-58DC1B635F1D}.Release|Any CPU.ActiveCfg = Release|Any CPU
		{32553F96-71A1-4699-9ADD-58DC1B635F1D}.Release|Any CPU.Build.0 = Release|Any CPU
		{CCE80557-34CB-45B2-B228-35F9E6600B54}.Debug|Any CPU.ActiveCfg = Debug|Any CPU
		{CCE80557-34CB-45B2-B228-35F9E6600B54}.Debug|Any CPU.Build.0 = Debug|Any CPU
		{CCE80557-34CB-45B2-B228-35F9E6600B54}.Release|Any CPU.ActiveCfg = Release|Any CPU
		{CCE80557-34CB-45B2-B228-35F9E6600B54}.Release|Any CPU.Build.0 = Release|Any CPU
	EndGlobalSection
	GlobalSection(SolutionProperties) = preSolution
		HideSolutionNode = FALSE
	EndGlobalSection
	GlobalSection(NestedProjects) = preSolution
		{6A406F82-63B3-4FE7-8859-8361FD30BF60} = {655A82BE-938C-436C-AABD-CD1DBCFDB163}
		{F2D1507A-B963-400D-A153-56B782D1AF2D} = {655A82BE-938C-436C-AABD-CD1DBCFDB163}
		{8FAE4664-FF78-452C-9BA3-063E20F5323E} = {6A406F82-63B3-4FE7-8859-8361FD30BF60}
		{3849A468-8525-4886-8E1B-2526ECC13B92} = {6A406F82-63B3-4FE7-8859-8361FD30BF60}
		{32553F96-71A1-4699-9ADD-58DC1B635F1D} = {6A406F82-63B3-4FE7-8859-8361FD30BF60}
		{CCE80557-34CB-45B2-B228-35F9E6600B54} = {F2D1507A-B963-400D-A153-56B782D1AF2D}
	EndGlobalSection
EndGlobal
