
Microsoft Visual Studio Solution File, Format Version 12.00
# Visual Studio 14
VisualStudioVersion = 14.0.25420.1
MinimumVisualStudioVersion = 10.0.40219.1
Project("{2150E333-8FDC-42A3-9474-1A3956D46DE8}") = "src", "src", "{655A82BE-938C-436C-AABD-CD1DBCFDB163}"
EndProject
Project("{2150E333-8FDC-42A3-9474-1A3956D46DE8}") = "Solution Items", "Solution Items", "{568F6D31-CC2C-4CB8-A736-C5466C7C8ACA}"
	ProjectSection(SolutionItems) = preProject
		global.json = global.json
	EndProjectSection
EndProject
Project("{8BB2217D-0F2D-49D1-97BC-3654ED321F3B}") = "DotNetClub.Web", "src\DotNetClub.Web\DotNetClub.Web.xproj", "{26F8D61D-7685-4CD1-9278-66DF87323777}"
EndProject
Project("{8BB2217D-0F2D-49D1-97BC-3654ED321F3B}") = "DotNetClub.Core", "src\DotNetClub.Core\DotNetClub.Core.xproj", "{258525DC-D633-4C84-BE57-D6C446E2F587}"
EndProject
Project("{8BB2217D-0F2D-49D1-97BC-3654ED321F3B}") = "Share.Infrastructure", "src\Share.Infrastructure\Share.Infrastructure.xproj", "{EAF893AE-4549-40DC-AE50-7673F655975B}"
EndProject
Project("{2150E333-8FDC-42A3-9474-1A3956D46DE8}") = "1. Infrastructure", "1. Infrastructure", "{7859540D-9B55-401D-9B97-5EDB978E2917}"
EndProject
Project("{2150E333-8FDC-42A3-9474-1A3956D46DE8}") = "2. Core", "2. Core", "{6A406F82-63B3-4FE7-8859-8361FD30BF60}"
EndProject
Project("{2150E333-8FDC-42A3-9474-1A3956D46DE8}") = "3. Frontend", "3. Frontend", "{F2D1507A-B963-400D-A153-56B782D1AF2D}"
EndProject
Project("{8BB2217D-0F2D-49D1-97BC-3654ED321F3B}") = "DotNetClub.Data.EntityFramework", "src\DotNetClub.Data.EntityFramework\DotNetClub.Data.EntityFramework.xproj", "{4F248081-1247-4925-B92A-8FECF8F31A45}"
EndProject
Project("{8BB2217D-0F2D-49D1-97BC-3654ED321F3B}") = "DotNetClub.Domain", "src\DotNetClub.Domain\DotNetClub.Domain.xproj", "{017178B1-33FF-4D31-97FE-738813E0D7DA}"
EndProject
Global
	GlobalSection(SolutionConfigurationPlatforms) = preSolution
		Debug|Any CPU = Debug|Any CPU
		Release|Any CPU = Release|Any CPU
	EndGlobalSection
	GlobalSection(ProjectConfigurationPlatforms) = postSolution
		{26F8D61D-7685-4CD1-9278-66DF87323777}.Debug|Any CPU.ActiveCfg = Debug|Any CPU
		{26F8D61D-7685-4CD1-9278-66DF87323777}.Debug|Any CPU.Build.0 = Debug|Any CPU
		{26F8D61D-7685-4CD1-9278-66DF87323777}.Release|Any CPU.ActiveCfg = Release|Any CPU
		{26F8D61D-7685-4CD1-9278-66DF87323777}.Release|Any CPU.Build.0 = Release|Any CPU
		{258525DC-D633-4C84-BE57-D6C446E2F587}.Debug|Any CPU.ActiveCfg = Debug|Any CPU
		{258525DC-D633-4C84-BE57-D6C446E2F587}.Debug|Any CPU.Build.0 = Debug|Any CPU
		{258525DC-D633-4C84-BE57-D6C446E2F587}.Release|Any CPU.ActiveCfg = Release|Any CPU
		{258525DC-D633-4C84-BE57-D6C446E2F587}.Release|Any CPU.Build.0 = Release|Any CPU
		{EAF893AE-4549-40DC-AE50-7673F655975B}.Debug|Any CPU.ActiveCfg = Debug|Any CPU
		{EAF893AE-4549-40DC-AE50-7673F655975B}.Debug|Any CPU.Build.0 = Debug|Any CPU
		{EAF893AE-4549-40DC-AE50-7673F655975B}.Release|Any CPU.ActiveCfg = Release|Any CPU
		{EAF893AE-4549-40DC-AE50-7673F655975B}.Release|Any CPU.Build.0 = Release|Any CPU
		{4F248081-1247-4925-B92A-8FECF8F31A45}.Debug|Any CPU.ActiveCfg = Debug|Any CPU
		{4F248081-1247-4925-B92A-8FECF8F31A45}.Debug|Any CPU.Build.0 = Debug|Any CPU
		{4F248081-1247-4925-B92A-8FECF8F31A45}.Release|Any CPU.ActiveCfg = Release|Any CPU
		{4F248081-1247-4925-B92A-8FECF8F31A45}.Release|Any CPU.Build.0 = Release|Any CPU
		{017178B1-33FF-4D31-97FE-738813E0D7DA}.Debug|Any CPU.ActiveCfg = Debug|Any CPU
		{017178B1-33FF-4D31-97FE-738813E0D7DA}.Debug|Any CPU.Build.0 = Debug|Any CPU
		{017178B1-33FF-4D31-97FE-738813E0D7DA}.Release|Any CPU.ActiveCfg = Release|Any CPU
		{017178B1-33FF-4D31-97FE-738813E0D7DA}.Release|Any CPU.Build.0 = Release|Any CPU
	EndGlobalSection
	GlobalSection(SolutionProperties) = preSolution
		HideSolutionNode = FALSE
	EndGlobalSection
	GlobalSection(NestedProjects) = preSolution
		{26F8D61D-7685-4CD1-9278-66DF87323777} = {F2D1507A-B963-400D-A153-56B782D1AF2D}
		{258525DC-D633-4C84-BE57-D6C446E2F587} = {6A406F82-63B3-4FE7-8859-8361FD30BF60}
		{EAF893AE-4549-40DC-AE50-7673F655975B} = {7859540D-9B55-401D-9B97-5EDB978E2917}
		{7859540D-9B55-401D-9B97-5EDB978E2917} = {655A82BE-938C-436C-AABD-CD1DBCFDB163}
		{6A406F82-63B3-4FE7-8859-8361FD30BF60} = {655A82BE-938C-436C-AABD-CD1DBCFDB163}
		{F2D1507A-B963-400D-A153-56B782D1AF2D} = {655A82BE-938C-436C-AABD-CD1DBCFDB163}
		{4F248081-1247-4925-B92A-8FECF8F31A45} = {6A406F82-63B3-4FE7-8859-8361FD30BF60}
		{017178B1-33FF-4D31-97FE-738813E0D7DA} = {6A406F82-63B3-4FE7-8859-8361FD30BF60}
	EndGlobalSection
EndGlobal
